
Microsoft Visual Studio Solution File, Format Version 12.00
# Visual Studio 2013
VisualStudioVersion = 12.0.31101.0
MinimumVisualStudioVersion = 10.0.40219.1
Project("{FAE04EC0-301F-11D3-BF4B-00C04F79EFBC}") = "NoteeFY.Buisness", "NoteeFY.Buisness\NoteeFY.Buisness.csproj", "{DA189790-B6C5-41B2-A537-B2E752CABA09}"
EndProject
Project("{FAE04EC0-301F-11D3-BF4B-00C04F79EFBC}") = "NoteeFY.Data", "NoteeFY.Data\NoteeFY.Data.csproj", "{200535F2-4BE7-456B-B1F0-FB5E79C8D1B0}"
EndProject
Project("{FAE04EC0-301F-11D3-BF4B-00C04F79EFBC}") = "NoteeFY", "NoteeFY\NoteeFY.csproj", "{8DD58753-1915-454B-803E-62D0271E63B9}"
EndProject
Global
	GlobalSection(SolutionConfigurationPlatforms) = preSolution
		Debug|Any CPU = Debug|Any CPU
		Debug|ARM = Debug|ARM
		Debug|x64 = Debug|x64
		Debug|x86 = Debug|x86
		Release|Any CPU = Release|Any CPU
		Release|ARM = Release|ARM
		Release|x64 = Release|x64
		Release|x86 = Release|x86
	EndGlobalSection
	GlobalSection(ProjectConfigurationPlatforms) = postSolution
		{DA189790-B6C5-41B2-A537-B2E752CABA09}.Debug|Any CPU.ActiveCfg = Debug|Any CPU
		{DA189790-B6C5-41B2-A537-B2E752CABA09}.Debug|Any CPU.Build.0 = Debug|Any CPU
		{DA189790-B6C5-41B2-A537-B2E752CABA09}.Debug|ARM.ActiveCfg = Debug|Any CPU
		{DA189790-B6C5-41B2-A537-B2E752CABA09}.Debug|x64.ActiveCfg = Debug|Any CPU
		{DA189790-B6C5-41B2-A537-B2E752CABA09}.Debug|x86.ActiveCfg = Debug|Any CPU
		{DA189790-B6C5-41B2-A537-B2E752CABA09}.Release|Any CPU.ActiveCfg = Release|Any CPU
		{DA189790-B6C5-41B2-A537-B2E752CABA09}.Release|Any CPU.Build.0 = Release|Any CPU
		{DA189790-B6C5-41B2-A537-B2E752CABA09}.Release|ARM.ActiveCfg = Release|Any CPU
		{DA189790-B6C5-41B2-A537-B2E752CABA09}.Release|x64.ActiveCfg = Release|Any CPU
		{DA189790-B6C5-41B2-A537-B2E752CABA09}.Release|x86.ActiveCfg = Release|Any CPU
		{200535F2-4BE7-456B-B1F0-FB5E79C8D1B0}.Debug|Any CPU.ActiveCfg = Debug|Any CPU
		{200535F2-4BE7-456B-B1F0-FB5E79C8D1B0}.Debug|Any CPU.Build.0 = Debug|Any CPU
		{200535F2-4BE7-456B-B1F0-FB5E79C8D1B0}.Debug|ARM.ActiveCfg = Debug|Any CPU
		{200535F2-4BE7-456B-B1F0-FB5E79C8D1B0}.Debug|x64.ActiveCfg = Debug|Any CPU
		{200535F2-4BE7-456B-B1F0-FB5E79C8D1B0}.Debug|x86.ActiveCfg = Debug|Any CPU
		{200535F2-4BE7-456B-B1F0-FB5E79C8D1B0}.Release|Any CPU.ActiveCfg = Release|Any CPU
		{200535F2-4BE7-456B-B1F0-FB5E79C8D1B0}.Release|Any CPU.Build.0 = Release|Any CPU
		{200535F2-4BE7-456B-B1F0-FB5E79C8D1B0}.Release|ARM.ActiveCfg = Release|Any CPU
		{200535F2-4BE7-456B-B1F0-FB5E79C8D1B0}.Release|x64.ActiveCfg = Release|Any CPU
		{200535F2-4BE7-456B-B1F0-FB5E79C8D1B0}.Release|x86.ActiveCfg = Release|Any CPU
		{8DD58753-1915-454B-803E-62D0271E63B9}.Debug|Any CPU.ActiveCfg = Debug|Any CPU
		{8DD58753-1915-454B-803E-62D0271E63B9}.Debug|Any CPU.Build.0 = Debug|Any CPU
		{8DD58753-1915-454B-803E-62D0271E63B9}.Debug|ARM.ActiveCfg = Debug|Any CPU
		{8DD58753-1915-454B-803E-62D0271E63B9}.Debug|ARM.Build.0 = Debug|Any CPU
		{8DD58753-1915-454B-803E-62D0271E63B9}.Debug|x64.ActiveCfg = Debug|Any CPU
		{8DD58753-1915-454B-803E-62D0271E63B9}.Debug|x64.Build.0 = Debug|Any CPU
		{8DD58753-1915-454B-803E-62D0271E63B9}.Debug|x86.ActiveCfg = Debug|Any CPU
		{8DD58753-1915-454B-803E-62D0271E63B9}.Debug|x86.Build.0 = Debug|Any CPU
		{8DD58753-1915-454B-803E-62D0271E63B9}.Release|Any CPU.ActiveCfg = Release|Any CPU
		{8DD58753-1915-454B-803E-62D0271E63B9}.Release|Any CPU.Build.0 = Release|Any CPU
		{8DD58753-1915-454B-803E-62D0271E63B9}.Release|ARM.ActiveCfg = Release|Any CPU
		{8DD58753-1915-454B-803E-62D0271E63B9}.Release|ARM.Build.0 = Release|Any CPU
		{8DD58753-1915-454B-803E-62D0271E63B9}.Release|x64.ActiveCfg = Release|Any CPU
		{8DD58753-1915-454B-803E-62D0271E63B9}.Release|x64.Build.0 = Release|Any CPU
		{8DD58753-1915-454B-803E-62D0271E63B9}.Release|x86.ActiveCfg = Release|Any CPU
		{8DD58753-1915-454B-803E-62D0271E63B9}.Release|x86.Build.0 = Release|Any CPU
	EndGlobalSection
	GlobalSection(SolutionProperties) = preSolution
		HideSolutionNode = FALSE
	EndGlobalSection
EndGlobal
