
Microsoft Visual Studio Solution File, Format Version 12.00
# Visual Studio 14
VisualStudioVersion = 14.0.23107.0
MinimumVisualStudioVersion = 10.0.40219.1
Project("{FAE04EC0-301F-11D3-BF4B-00C04F79EFBC}") = "NoteeFY.Data", "NoteeFY.Data\NoteeFY.Data.csproj", "{21A166C4-3227-44CA-9EFC-B68158486C14}"
EndProject
Project("{FAE04EC0-301F-11D3-BF4B-00C04F79EFBC}") = "NoteeFY.Buisness", "NoteeFY.Buisness\NoteeFY.Buisness.csproj", "{FD80CEAF-49EA-4015-8C12-18B4B99DD859}"
EndProject
Project("{FAE04EC0-301F-11D3-BF4B-00C04F79EFBC}") = "NoteeFY", "NoteeFY\NoteeFY.csproj", "{6D71A6E1-30F4-4DB4-8AAC-2C9A7267E3C0}"
EndProject
Project("{00D1A9C2-B5F0-4AF3-8072-F6C62B433612}") = "NoteeFY.Database", "..\..\..\..\Downloads\NoteeFY-master\NoteeFY-master\NoteeFY\NoteeFY Database\NoteeFY.Database.sqlproj", "{B3399B25-0136-4269-A441-45C08AF2FC82}"
EndProject
Global
	GlobalSection(SolutionConfigurationPlatforms) = preSolution
		Debug|Any CPU = Debug|Any CPU
		Release|Any CPU = Release|Any CPU
	EndGlobalSection
	GlobalSection(ProjectConfigurationPlatforms) = postSolution
		{21A166C4-3227-44CA-9EFC-B68158486C14}.Debug|Any CPU.ActiveCfg = Debug|Any CPU
		{21A166C4-3227-44CA-9EFC-B68158486C14}.Debug|Any CPU.Build.0 = Debug|Any CPU
		{21A166C4-3227-44CA-9EFC-B68158486C14}.Release|Any CPU.ActiveCfg = Release|Any CPU
		{21A166C4-3227-44CA-9EFC-B68158486C14}.Release|Any CPU.Build.0 = Release|Any CPU
		{FD80CEAF-49EA-4015-8C12-18B4B99DD859}.Debug|Any CPU.ActiveCfg = Debug|Any CPU
		{FD80CEAF-49EA-4015-8C12-18B4B99DD859}.Debug|Any CPU.Build.0 = Debug|Any CPU
		{FD80CEAF-49EA-4015-8C12-18B4B99DD859}.Release|Any CPU.ActiveCfg = Release|Any CPU
		{FD80CEAF-49EA-4015-8C12-18B4B99DD859}.Release|Any CPU.Build.0 = Release|Any CPU
		{6D71A6E1-30F4-4DB4-8AAC-2C9A7267E3C0}.Debug|Any CPU.ActiveCfg = Debug|Any CPU
		{6D71A6E1-30F4-4DB4-8AAC-2C9A7267E3C0}.Debug|Any CPU.Build.0 = Debug|Any CPU
		{6D71A6E1-30F4-4DB4-8AAC-2C9A7267E3C0}.Release|Any CPU.ActiveCfg = Release|Any CPU
		{6D71A6E1-30F4-4DB4-8AAC-2C9A7267E3C0}.Release|Any CPU.Build.0 = Release|Any CPU
		{B3399B25-0136-4269-A441-45C08AF2FC82}.Debug|Any CPU.ActiveCfg = Debug|Any CPU
		{B3399B25-0136-4269-A441-45C08AF2FC82}.Debug|Any CPU.Build.0 = Debug|Any CPU
		{B3399B25-0136-4269-A441-45C08AF2FC82}.Debug|Any CPU.Deploy.0 = Debug|Any CPU
		{B3399B25-0136-4269-A441-45C08AF2FC82}.Release|Any CPU.ActiveCfg = Release|Any CPU
		{B3399B25-0136-4269-A441-45C08AF2FC82}.Release|Any CPU.Build.0 = Release|Any CPU
		{B3399B25-0136-4269-A441-45C08AF2FC82}.Release|Any CPU.Deploy.0 = Release|Any CPU
	EndGlobalSection
	GlobalSection(SolutionProperties) = preSolution
		HideSolutionNode = FALSE
	EndGlobalSection
EndGlobal
